// !$*UTF8*$!
{
	archiveVersion = 1;
	classes = {
	};
	objectVersion = 77;
	objects = {

/* Begin PBXContainerItemProxy section */
		11FEB3642DA953CD000848C0 /* PBXContainerItemProxy */ = {
			isa = PBXContainerItemProxy;
			containerPortal = 11FEB34E2DA953C9000848C0 /* Project object */;
			proxyType = 1;
			remoteGlobalIDString = 11FEB3552DA953C9000848C0;
			remoteInfo = SwiftUIProjectMyPrivateCode;
		};
		11FEB36E2DA953CD000848C0 /* PBXContainerItemProxy */ = {
			isa = PBXContainerItemProxy;
			containerPortal = 11FEB34E2DA953C9000848C0 /* Project object */;
			proxyType = 1;
			remoteGlobalIDString = 11FEB3552DA953C9000848C0;
			remoteInfo = SwiftUIProjectMyPrivateCode;
		};
/* End PBXContainerItemProxy section */

/* Begin PBXFileReference section */
		11FEB3562DA953C9000848C0 /* SwiftUIProjectMyPrivateCode.app */ = {isa = PBXFileReference; explicitFileType = wrapper.application; includeInIndex = 0; path = SwiftUIProjectMyPrivateCode.app; sourceTree = BUILT_PRODUCTS_DIR; };
		11FEB3632DA953CD000848C0 /* SwiftUIProjectMyPrivateCodeTests.xctest */ = {isa = PBXFileReference; explicitFileType = wrapper.cfbundle; includeInIndex = 0; path = SwiftUIProjectMyPrivateCodeTests.xctest; sourceTree = BUILT_PRODUCTS_DIR; };
		11FEB36D2DA953CD000848C0 /* SwiftUIProjectMyPrivateCodeUITests.xctest */ = {isa = PBXFileReference; explicitFileType = wrapper.cfbundle; includeInIndex = 0; path = SwiftUIProjectMyPrivateCodeUITests.xctest; sourceTree = BUILT_PRODUCTS_DIR; };
/* End PBXFileReference section */

/* Begin PBXFileSystemSynchronizedRootGroup section */
		11FEB3582DA953C9000848C0 /* SwiftUIProjectMyPrivateCode */ = {
			isa = PBXFileSystemSynchronizedRootGroup;
			path = SwiftUIProjectMyPrivateCode;
			sourceTree = "<group>";
		};
		11FEB3662DA953CD000848C0 /* SwiftUIProjectMyPrivateCodeTests */ = {
			isa = PBXFileSystemSynchronizedRootGroup;
			path = SwiftUIProjectMyPrivateCodeTests;
			sourceTree = "<group>";
		};
		11FEB3702DA953CD000848C0 /* SwiftUIProjectMyPrivateCodeUITests */ = {
			isa = PBXFileSystemSynchronizedRootGroup;
			path = SwiftUIProjectMyPrivateCodeUITests;
			sourceTree = "<group>";
		};
/* End PBXFileSystemSynchronizedRootGroup section */

/* Begin PBXFrameworksBuildPhase section */
		11FEB3532DA953C9000848C0 /* Frameworks */ = {
			isa = PBXFrameworksBuildPhase;
			buildActionMask = 2147483647;
			files = (
			);
			runOnlyForDeploymentPostprocessing = 0;
		};
		11FEB3602DA953CD000848C0 /* Frameworks */ = {
			isa = PBXFrameworksBuildPhase;
			buildActionMask = 2147483647;
			files = (
			);
			runOnlyForDeploymentPostprocessing = 0;
		};
		11FEB36A2DA953CD000848C0 /* Frameworks */ = {
			isa = PBXFrameworksBuildPhase;
			buildActionMask = 2147483647;
			files = (
			);
			runOnlyForDeploymentPostprocessing = 0;
		};
/* End PBXFrameworksBuildPhase section */

/* Begin PBXGroup section */
		11FEB34D2DA953C9000848C0 = {
			isa = PBXGroup;
			children = (
				11FEB3582DA953C9000848C0 /* SwiftUIProjectMyPrivateCode */,
				11FEB3662DA953CD000848C0 /* SwiftUIProjectMyPrivateCodeTests */,
				11FEB3702DA953CD000848C0 /* SwiftUIProjectMyPrivateCodeUITests */,
				11FEB3572DA953C9000848C0 /* Products */,
			);
			sourceTree = "<group>";
		};
		11FEB3572DA953C9000848C0 /* Products */ = {
			isa = PBXGroup;
			children = (
				11FEB3562DA953C9000848C0 /* SwiftUIProjectMyPrivateCode.app */,
				11FEB3632DA953CD000848C0 /* SwiftUIProjectMyPrivateCodeTests.xctest */,
				11FEB36D2DA953CD000848C0 /* SwiftUIProjectMyPrivateCodeUITests.xctest */,
			);
			name = Products;
			sourceTree = "<group>";
		};
/* End PBXGroup section */

/* Begin PBXNativeTarget section */
		11FEB3552DA953C9000848C0 /* SwiftUIProjectMyPrivateCode */ = {
			isa = PBXNativeTarget;
			buildConfigurationList = 11FEB3772DA953CD000848C0 /* Build configuration list for PBXNativeTarget "SwiftUIProjectMyPrivateCode" */;
			buildPhases = (
				11FEB3522DA953C9000848C0 /* Sources */,
				11FEB3532DA953C9000848C0 /* Frameworks */,
				11FEB3542DA953C9000848C0 /* Resources */,
			);
			buildRules = (
			);
			dependencies = (
			);
			fileSystemSynchronizedGroups = (
				11FEB3582DA953C9000848C0 /* SwiftUIProjectMyPrivateCode */,
			);
			name = SwiftUIProjectMyPrivateCode;
			packageProductDependencies = (
			);
			productName = SwiftUIProjectMyPrivateCode;
			productReference = 11FEB3562DA953C9000848C0 /* SwiftUIProjectMyPrivateCode.app */;
			productType = "com.apple.product-type.application";
		};
		11FEB3622DA953CD000848C0 /* SwiftUIProjectMyPrivateCodeTests */ = {
			isa = PBXNativeTarget;
			buildConfigurationList = 11FEB37A2DA953CD000848C0 /* Build configuration list for PBXNativeTarget "SwiftUIProjectMyPrivateCodeTests" */;
			buildPhases = (
				11FEB35F2DA953CD000848C0 /* Sources */,
				11FEB3602DA953CD000848C0 /* Frameworks */,
				11FEB3612DA953CD000848C0 /* Resources */,
			);
			buildRules = (
			);
			dependencies = (
				11FEB3652DA953CD000848C0 /* PBXTargetDependency */,
			);
			fileSystemSynchronizedGroups = (
				11FEB3662DA953CD000848C0 /* SwiftUIProjectMyPrivateCodeTests */,
			);
			name = SwiftUIProjectMyPrivateCodeTests;
			packageProductDependencies = (
			);
			productName = SwiftUIProjectMyPrivateCodeTests;
			productReference = 11FEB3632DA953CD000848C0 /* SwiftUIProjectMyPrivateCodeTests.xctest */;
			productType = "com.apple.product-type.bundle.unit-test";
		};
		11FEB36C2DA953CD000848C0 /* SwiftUIProjectMyPrivateCodeUITests */ = {
			isa = PBXNativeTarget;
			buildConfigurationList = 11FEB37D2DA953CD000848C0 /* Build configuration list for PBXNativeTarget "SwiftUIProjectMyPrivateCodeUITests" */;
			buildPhases = (
				11FEB3692DA953CD000848C0 /* Sources */,
				11FEB36A2DA953CD000848C0 /* Frameworks */,
				11FEB36B2DA953CD000848C0 /* Resources */,
			);
			buildRules = (
			);
			dependencies = (
				11FEB36F2DA953CD000848C0 /* PBXTargetDependency */,
			);
			fileSystemSynchronizedGroups = (
				11FEB3702DA953CD000848C0 /* SwiftUIProjectMyPrivateCodeUITests */,
			);
			name = SwiftUIProjectMyPrivateCodeUITests;
			packageProductDependencies = (
			);
			productName = SwiftUIProjectMyPrivateCodeUITests;
			productReference = 11FEB36D2DA953CD000848C0 /* SwiftUIProjectMyPrivateCodeUITests.xctest */;
			productType = "com.apple.product-type.bundle.ui-testing";
		};
/* End PBXNativeTarget section */

/* Begin PBXProject section */
		11FEB34E2DA953C9000848C0 /* Project object */ = {
			isa = PBXProject;
			attributes = {
				BuildIndependentTargetsInParallel = 1;
				LastSwiftUpdateCheck = 1630;
				LastUpgradeCheck = 1630;
				TargetAttributes = {
					11FEB3552DA953C9000848C0 = {
						CreatedOnToolsVersion = 16.3;
					};
					11FEB3622DA953CD000848C0 = {
						CreatedOnToolsVersion = 16.3;
						TestTargetID = 11FEB3552DA953C9000848C0;
					};
					11FEB36C2DA953CD000848C0 = {
						CreatedOnToolsVersion = 16.3;
						TestTargetID = 11FEB3552DA953C9000848C0;
					};
				};
			};
			buildConfigurationList = 11FEB3512DA953C9000848C0 /* Build configuration list for PBXProject "SwiftUIProjectMyPrivateCode" */;
			developmentRegion = en;
			hasScannedForEncodings = 0;
			knownRegions = (
				en,
				Base,
			);
			mainGroup = 11FEB34D2DA953C9000848C0;
			minimizedProjectReferenceProxies = 1;
			preferredProjectObjectVersion = 77;
			productRefGroup = 11FEB3572DA953C9000848C0 /* Products */;
			projectDirPath = "";
			projectRoot = "";
			targets = (
				11FEB3552DA953C9000848C0 /* SwiftUIProjectMyPrivateCode */,
				11FEB3622DA953CD000848C0 /* SwiftUIProjectMyPrivateCodeTests */,
				11FEB36C2DA953CD000848C0 /* SwiftUIProjectMyPrivateCodeUITests */,
			);
		};
/* End PBXProject section */

/* Begin PBXResourcesBuildPhase section */
		11FEB3542DA953C9000848C0 /* Resources */ = {
			isa = PBXResourcesBuildPhase;
			buildActionMask = 2147483647;
			files = (
			);
			runOnlyForDeploymentPostprocessing = 0;
		};
		11FEB3612DA953CD000848C0 /* Resources */ = {
			isa = PBXResourcesBuildPhase;
			buildActionMask = 2147483647;
			files = (
			);
			runOnlyForDeploymentPostprocessing = 0;
		};
		11FEB36B2DA953CD000848C0 /* Resources */ = {
			isa = PBXResourcesBuildPhase;
			buildActionMask = 2147483647;
			files = (
			);
			runOnlyForDeploymentPostprocessing = 0;
		};
/* End PBXResourcesBuildPhase section */

/* Begin PBXSourcesBuildPhase section */
		11FEB3522DA953C9000848C0 /* Sources */ = {
			isa = PBXSourcesBuildPhase;
			buildActionMask = 2147483647;
			files = (
			);
			runOnlyForDeploymentPostprocessing = 0;
		};
		11FEB35F2DA953CD000848C0 /* Sources */ = {
			isa = PBXSourcesBuildPhase;
			buildActionMask = 2147483647;
			files = (
			);
			runOnlyForDeploymentPostprocessing = 0;
		};
		11FEB3692DA953CD000848C0 /* Sources */ = {
			isa = PBXSourcesBuildPhase;
			buildActionMask = 2147483647;
			files = (
			);
			runOnlyForDeploymentPostprocessing = 0;
		};
/* End PBXSourcesBuildPhase section */

/* Begin PBXTargetDependency section */
		11FEB3652DA953CD000848C0 /* PBXTargetDependency */ = {
			isa = PBXTargetDependency;
			target = 11FEB3552DA953C9000848C0 /* SwiftUIProjectMyPrivateCode */;
			targetProxy = 11FEB3642DA953CD000848C0 /* PBXContainerItemProxy */;
		};
		11FEB36F2DA953CD000848C0 /* PBXTargetDependency */ = {
			isa = PBXTargetDependency;
			target = 11FEB3552DA953C9000848C0 /* SwiftUIProjectMyPrivateCode */;
			targetProxy = 11FEB36E2DA953CD000848C0 /* PBXContainerItemProxy */;
		};
/* End PBXTargetDependency section */

/* Begin XCBuildConfiguration section */
		11FEB3752DA953CD000848C0 /* Debug */ = {
			isa = XCBuildConfiguration;
			buildSettings = {
				ALWAYS_SEARCH_USER_PATHS = NO;
				ASSETCATALOG_COMPILER_GENERATE_SWIFT_ASSET_SYMBOL_EXTENSIONS = YES;
				CLANG_ANALYZER_NONNULL = YES;
				CLANG_ANALYZER_NUMBER_OBJECT_CONVERSION = YES_AGGRESSIVE;
				CLANG_CXX_LANGUAGE_STANDARD = "gnu++20";
				CLANG_ENABLE_MODULES = YES;
				CLANG_ENABLE_OBJC_ARC = YES;
				CLANG_ENABLE_OBJC_WEAK = YES;
				CLANG_WARN_BLOCK_CAPTURE_AUTORELEASING = YES;
				CLANG_WARN_BOOL_CONVERSION = YES;
				CLANG_WARN_COMMA = YES;
				CLANG_WARN_CONSTANT_CONVERSION = YES;
				CLANG_WARN_DEPRECATED_OBJC_IMPLEMENTATIONS = YES;
				CLANG_WARN_DIRECT_OBJC_ISA_USAGE = YES_ERROR;
				CLANG_WARN_DOCUMENTATION_COMMENTS = YES;
				CLANG_WARN_EMPTY_BODY = YES;
				CLANG_WARN_ENUM_CONVERSION = YES;
				CLANG_WARN_INFINITE_RECURSION = YES;
				CLANG_WARN_INT_CONVERSION = YES;
				CLANG_WARN_NON_LITERAL_NULL_CONVERSION = YES;
				CLANG_WARN_OBJC_IMPLICIT_RETAIN_SELF = YES;
				CLANG_WARN_OBJC_LITERAL_CONVERSION = YES;
				CLANG_WARN_OBJC_ROOT_CLASS = YES_ERROR;
				CLANG_WARN_QUOTED_INCLUDE_IN_FRAMEWORK_HEADER = YES;
				CLANG_WARN_RANGE_LOOP_ANALYSIS = YES;
				CLANG_WARN_STRICT_PROTOTYPES = YES;
				CLANG_WARN_SUSPICIOUS_MOVE = YES;
				CLANG_WARN_UNGUARDED_AVAILABILITY = YES_AGGRESSIVE;
				CLANG_WARN_UNREACHABLE_CODE = YES;
				CLANG_WARN__DUPLICATE_METHOD_MATCH = YES;
				COPY_PHASE_STRIP = NO;
				DEBUG_INFORMATION_FORMAT = dwarf;
				DEVELOPMENT_TEAM = JRPD8T9PB7;
				ENABLE_STRICT_OBJC_MSGSEND = YES;
				ENABLE_TESTABILITY = YES;
				ENABLE_USER_SCRIPT_SANDBOXING = YES;
				GCC_C_LANGUAGE_STANDARD = gnu17;
				GCC_DYNAMIC_NO_PIC = NO;
				GCC_NO_COMMON_BLOCKS = YES;
				GCC_OPTIMIZATION_LEVEL = 0;
				GCC_PREPROCESSOR_DEFINITIONS = (
					"DEBUG=1",
					"$(inherited)",
				);
				GCC_WARN_64_TO_32_BIT_CONVERSION = YES;
				GCC_WARN_ABOUT_RETURN_TYPE = YES_ERROR;
				GCC_WARN_UNDECLARED_SELECTOR = YES;
				GCC_WARN_UNINITIALIZED_AUTOS = YES_AGGRESSIVE;
				GCC_WARN_UNUSED_FUNCTION = YES;
				GCC_WARN_UNUSED_VARIABLE = YES;
				IPHONEOS_DEPLOYMENT_TARGET = 18.4;
				LOCALIZATION_PREFERS_STRING_CATALOGS = YES;
				MTL_ENABLE_DEBUG_INFO = INCLUDE_SOURCE;
				MTL_FAST_MATH = YES;
				ONLY_ACTIVE_ARCH = YES;
				SDKROOT = iphoneos;
				SWIFT_ACTIVE_COMPILATION_CONDITIONS = "DEBUG $(inherited)";
				SWIFT_OPTIMIZATION_LEVEL = "-Onone";
			};
			name = Debug;
		};
		11FEB3762DA953CD000848C0 /* Release */ = {
			isa = XCBuildConfiguration;
			buildSettings = {
				ALWAYS_SEARCH_USER_PATHS = NO;
				ASSETCATALOG_COMPILER_GENERATE_SWIFT_ASSET_SYMBOL_EXTENSIONS = YES;
				CLANG_ANALYZER_NONNULL = YES;
				CLANG_ANALYZER_NUMBER_OBJECT_CONVERSION = YES_AGGRESSIVE;
				CLANG_CXX_LANGUAGE_STANDARD = "gnu++20";
				CLANG_ENABLE_MODULES = YES;
				CLANG_ENABLE_OBJC_ARC = YES;
				CLANG_ENABLE_OBJC_WEAK = YES;
				CLANG_WARN_BLOCK_CAPTURE_AUTORELEASING = YES;
				CLANG_WARN_BOOL_CONVERSION = YES;
				CLANG_WARN_COMMA = YES;
				CLANG_WARN_CONSTANT_CONVERSION = YES;
				CLANG_WARN_DEPRECATED_OBJC_IMPLEMENTATIONS = YES;
				CLANG_WARN_DIRECT_OBJC_ISA_USAGE = YES_ERROR;
				CLANG_WARN_DOCUMENTATION_COMMENTS = YES;
				CLANG_WARN_EMPTY_BODY = YES;
				CLANG_WARN_ENUM_CONVERSION = YES;
				CLANG_WARN_INFINITE_RECURSION = YES;
				CLANG_WARN_INT_CONVERSION = YES;
				CLANG_WARN_NON_LITERAL_NULL_CONVERSION = YES;
				CLANG_WARN_OBJC_IMPLICIT_RETAIN_SELF = YES;
				CLANG_WARN_OBJC_LITERAL_CONVERSION = YES;
				CLANG_WARN_OBJC_ROOT_CLASS = YES_ERROR;
				CLANG_WARN_QUOTED_INCLUDE_IN_FRAMEWORK_HEADER = YES;
				CLANG_WARN_RANGE_LOOP_ANALYSIS = YES;
				CLANG_WARN_STRICT_PROTOTYPES = YES;
				CLANG_WARN_SUSPICIOUS_MOVE = YES;
				CLANG_WARN_UNGUARDED_AVAILABILITY = YES_AGGRESSIVE;
				CLANG_WARN_UNREACHABLE_CODE = YES;
				CLANG_WARN__DUPLICATE_METHOD_MATCH = YES;
				COPY_PHASE_STRIP = NO;
				DEBUG_INFORMATION_FORMAT = "dwarf-with-dsym";
				DEVELOPMENT_TEAM = JRPD8T9PB7;
				ENABLE_NS_ASSERTIONS = NO;
				ENABLE_STRICT_OBJC_MSGSEND = YES;
				ENABLE_USER_SCRIPT_SANDBOXING = YES;
				GCC_C_LANGUAGE_STANDARD = gnu17;
				GCC_NO_COMMON_BLOCKS = YES;
				GCC_WARN_64_TO_32_BIT_CONVERSION = YES;
				GCC_WARN_ABOUT_RETURN_TYPE = YES_ERROR;
				GCC_WARN_UNDECLARED_SELECTOR = YES;
				GCC_WARN_UNINITIALIZED_AUTOS = YES_AGGRESSIVE;
				GCC_WARN_UNUSED_FUNCTION = YES;
				GCC_WARN_UNUSED_VARIABLE = YES;
				IPHONEOS_DEPLOYMENT_TARGET = 18.4;
				LOCALIZATION_PREFERS_STRING_CATALOGS = YES;
				MTL_ENABLE_DEBUG_INFO = NO;
				MTL_FAST_MATH = YES;
				SDKROOT = iphoneos;
				SWIFT_COMPILATION_MODE = wholemodule;
				VALIDATE_PRODUCT = YES;
			};
			name = Release;
		};
		11FEB3782DA953CD000848C0 /* Debug */ = {
			isa = XCBuildConfiguration;
			buildSettings = {
				ASSETCATALOG_COMPILER_APPICON_NAME = AppIcon;
				ASSETCATALOG_COMPILER_GLOBAL_ACCENT_COLOR_NAME = AccentColor;
				CODE_SIGN_STYLE = Automatic;
				CURRENT_PROJECT_VERSION = 1;
				DEVELOPMENT_TEAM = JRPD8T9PB7;
				ENABLE_PREVIEWS = YES;
				GENERATE_INFOPLIST_FILE = YES;
				INFOPLIST_KEY_UIApplicationSceneManifest_Generation = YES;
				INFOPLIST_KEY_UIApplicationSupportsIndirectInputEvents = YES;
				INFOPLIST_KEY_UILaunchScreen_Generation = YES;
				INFOPLIST_KEY_UISupportedInterfaceOrientations_iPad = "UIInterfaceOrientationPortrait UIInterfaceOrientationPortraitUpsideDown UIInterfaceOrientationLandscapeLeft UIInterfaceOrientationLandscapeRight";
				INFOPLIST_KEY_UISupportedInterfaceOrientations_iPhone = "UIInterfaceOrientationPortrait UIInterfaceOrientationLandscapeLeft UIInterfaceOrientationLandscapeRight";
				LD_RUNPATH_SEARCH_PATHS = (
					"$(inherited)",
					"@executable_path/Frameworks",
				);
				MARKETING_VERSION = 1.0;
				PRODUCT_BUNDLE_IDENTIFIER = co.akbari.SwiftUIProjectMyPrivateCode;
				PRODUCT_NAME = "$(TARGET_NAME)";
				SWIFT_EMIT_LOC_STRINGS = YES;
				SWIFT_VERSION = 5.0;
				TARGETED_DEVICE_FAMILY = "1,2";
			};
			name = Debug;
		};
		11FEB3792DA953CD000848C0 /* Release */ = {
			isa = XCBuildConfiguration;
			buildSettings = {
				ASSETCATALOG_COMPILER_APPICON_NAME = AppIcon;
				ASSETCATALOG_COMPILER_GLOBAL_ACCENT_COLOR_NAME = AccentColor;
				CODE_SIGN_STYLE = Automatic;
				CURRENT_PROJECT_VERSION = 1;
				DEVELOPMENT_TEAM = JRPD8T9PB7;
				ENABLE_PREVIEWS = YES;
				GENERATE_INFOPLIST_FILE = YES;
				INFOPLIST_KEY_UIApplicationSceneManifest_Generation = YES;
				INFOPLIST_KEY_UIApplicationSupportsIndirectInputEvents = YES;
				INFOPLIST_KEY_UILaunchScreen_Generation = YES;
				INFOPLIST_KEY_UISupportedInterfaceOrientations_iPad = "UIInterfaceOrientationPortrait UIInterfaceOrientationPortraitUpsideDown UIInterfaceOrientationLandscapeLeft UIInterfaceOrientationLandscapeRight";
				INFOPLIST_KEY_UISupportedInterfaceOrientations_iPhone = "UIInterfaceOrientationPortrait UIInterfaceOrientationLandscapeLeft UIInterfaceOrientationLandscapeRight";
				LD_RUNPATH_SEARCH_PATHS = (
					"$(inherited)",
					"@executable_path/Frameworks",
				);
				MARKETING_VERSION = 1.0;
				PRODUCT_BUNDLE_IDENTIFIER = co.akbari.SwiftUIProjectMyPrivateCode;
				PRODUCT_NAME = "$(TARGET_NAME)";
				SWIFT_EMIT_LOC_STRINGS = YES;
				SWIFT_VERSION = 5.0;
				TARGETED_DEVICE_FAMILY = "1,2";
			};
			name = Release;
		};
		11FEB37B2DA953CD000848C0 /* Debug */ = {
			isa = XCBuildConfiguration;
			buildSettings = {
				BUNDLE_LOADER = "$(TEST_HOST)";
				CODE_SIGN_STYLE = Automatic;
				CURRENT_PROJECT_VERSION = 1;
				DEVELOPMENT_TEAM = JRPD8T9PB7;
				GENERATE_INFOPLIST_FILE = YES;
				IPHONEOS_DEPLOYMENT_TARGET = 18.4;
				MARKETING_VERSION = 1.0;
				PRODUCT_BUNDLE_IDENTIFIER = co.akbari.SwiftUIProjectMyPrivateCodeTests;
				PRODUCT_NAME = "$(TARGET_NAME)";
				SWIFT_EMIT_LOC_STRINGS = NO;
				SWIFT_VERSION = 5.0;
				TARGETED_DEVICE_FAMILY = "1,2";
				TEST_HOST = "$(BUILT_PRODUCTS_DIR)/SwiftUIProjectMyPrivateCode.app/$(BUNDLE_EXECUTABLE_FOLDER_PATH)/SwiftUIProjectMyPrivateCode";
			};
			name = Debug;
		};
		11FEB37C2DA953CD000848C0 /* Release */ = {
			isa = XCBuildConfiguration;
			buildSettings = {
				BUNDLE_LOADER = "$(TEST_HOST)";
				CODE_SIGN_STYLE = Automatic;
				CURRENT_PROJECT_VERSION = 1;
				DEVELOPMENT_TEAM = JRPD8T9PB7;
				GENERATE_INFOPLIST_FILE = YES;
				IPHONEOS_DEPLOYMENT_TARGET = 18.4;
				MARKETING_VERSION = 1.0;
				PRODUCT_BUNDLE_IDENTIFIER = co.akbari.SwiftUIProjectMyPrivateCodeTests;
				PRODUCT_NAME = "$(TARGET_NAME)";
				SWIFT_EMIT_LOC_STRINGS = NO;
				SWIFT_VERSION = 5.0;
				TARGETED_DEVICE_FAMILY = "1,2";
				TEST_HOST = "$(BUILT_PRODUCTS_DIR)/SwiftUIProjectMyPrivateCode.app/$(BUNDLE_EXECUTABLE_FOLDER_PATH)/SwiftUIProjectMyPrivateCode";
			};
			name = Release;
		};
		11FEB37E2DA953CD000848C0 /* Debug */ = {
			isa = XCBuildConfiguration;
			buildSettings = {
				CODE_SIGN_STYLE = Automatic;
				CURRENT_PROJECT_VERSION = 1;
				DEVELOPMENT_TEAM = JRPD8T9PB7;
				GENERATE_INFOPLIST_FILE = YES;
				MARKETING_VERSION = 1.0;
				PRODUCT_BUNDLE_IDENTIFIER = co.akbari.SwiftUIProjectMyPrivateCodeUITests;
				PRODUCT_NAME = "$(TARGET_NAME)";
				SWIFT_EMIT_LOC_STRINGS = NO;
				SWIFT_VERSION = 5.0;
				TARGETED_DEVICE_FAMILY = "1,2";
				TEST_TARGET_NAME = SwiftUIProjectMyPrivateCode;
			};
			name = Debug;
		};
		11FEB37F2DA953CD000848C0 /* Release */ = {
			isa = XCBuildConfiguration;
			buildSettings = {
				CODE_SIGN_STYLE = Automatic;
				CURRENT_PROJECT_VERSION = 1;
				DEVELOPMENT_TEAM = JRPD8T9PB7;
				GENERATE_INFOPLIST_FILE = YES;
				MARKETING_VERSION = 1.0;
				PRODUCT_BUNDLE_IDENTIFIER = co.akbari.SwiftUIProjectMyPrivateCodeUITests;
				PRODUCT_NAME = "$(TARGET_NAME)";
				SWIFT_EMIT_LOC_STRINGS = NO;
				SWIFT_VERSION = 5.0;
				TARGETED_DEVICE_FAMILY = "1,2";
				TEST_TARGET_NAME = SwiftUIProjectMyPrivateCode;
			};
			name = Release;
		};
/* End XCBuildConfiguration section */

/* Begin XCConfigurationList section */
		11FEB3512DA953C9000848C0 /* Build configuration list for PBXProject "SwiftUIProjectMyPrivateCode" */ = {
			isa = XCConfigurationList;
			buildConfigurations = (
				11FEB3752DA953CD000848C0 /* Debug */,
				11FEB3762DA953CD000848C0 /* Release */,
			);
			defaultConfigurationIsVisible = 0;
			defaultConfigurationName = Release;
		};
		11FEB3772DA953CD000848C0 /* Build configuration list for PBXNativeTarget "SwiftUIProjectMyPrivateCode" */ = {
			isa = XCConfigurationList;
			buildConfigurations = (
				11FEB3782DA953CD000848C0 /* Debug */,
				11FEB3792DA953CD000848C0 /* Release */,
			);
			defaultConfigurationIsVisible = 0;
			defaultConfigurationName = Release;
		};
		11FEB37A2DA953CD000848C0 /* Build configuration list for PBXNativeTarget "SwiftUIProjectMyPrivateCodeTests" */ = {
			isa = XCConfigurationList;
			buildConfigurations = (
				11FEB37B2DA953CD000848C0 /* Debug */,
				11FEB37C2DA953CD000848C0 /* Release */,
			);
			defaultConfigurationIsVisible = 0;
			defaultConfigurationName = Release;
		};
		11FEB37D2DA953CD000848C0 /* Build configuration list for PBXNativeTarget "SwiftUIProjectMyPrivateCodeUITests" */ = {
			isa = XCConfigurationList;
			buildConfigurations = (
				11FEB37E2DA953CD000848C0 /* Debug */,
				11FEB37F2DA953CD000848C0 /* Release */,
			);
			defaultConfigurationIsVisible = 0;
			defaultConfigurationName = Release;
		};
/* End XCConfigurationList section */
	};
	rootObject = 11FEB34E2DA953C9000848C0 /* Project object */;
}
